
Microsoft Visual Studio Solution File, Format Version 12.00
# Visual Studio Version 17
VisualStudioVersion = 17.8.34322.80
MinimumVisualStudioVersion = 10.0.40219.1
Project("{9A19103F-16F7-4668-BE54-9A1E7A4F7556}") = "Api", "Api.csproj", "{5911F037-F4B6-4C49-9974-83AA6221C8C9}"
EndProject
Project("{9A19103F-16F7-4668-BE54-9A1E7A4F7556}") = "DataAccessMemory", "..\DataAccessMemory\DataAccessMemory.csproj", "{C643AD2A-E434-4F8B-A49D-11F4B4BAAE1F}"
EndProject
Project("{9A19103F-16F7-4668-BE54-9A1E7A4F7556}") = "Interfaces", "..\Interfaces\Interfaces.csproj", "{8D0BEDA6-C39E-4D53-950A-DAB2CB51CB15}"
EndProject
Project("{9A19103F-16F7-4668-BE54-9A1E7A4F7556}") = "Models", "..\Models\Models.csproj", "{01174A05-54AE-41FE-9704-89B715AAAE13}"
EndProject
Project("{9A19103F-16F7-4668-BE54-9A1E7A4F7556}") = "Dtos", "..\Dtos\Dtos.csproj", "{0841D808-41EE-4CAE-9DE5-C79DA8F35541}"
EndProject
Project("{9A19103F-16F7-4668-BE54-9A1E7A4F7556}") = "Utilities", "..\Utilities\Utilities.csproj", "{01378E7A-940A-41D8-905A-5E14B7CD2F01}"
EndProject
Project("{FAE04EC0-301F-11D3-BF4B-00C04F79EFBC}") = "Business", "..\Business\Business.csproj", "{833AC91C-1CEA-401A-A5FC-54658489D7FA}"
EndProject
Project("{FAE04EC0-301F-11D3-BF4B-00C04F79EFBC}") = "DataAccessDb", "..\DataAccessDb\DataAccessDb.csproj", "{99CD5676-CED3-4A71-B61A-CEB5535CA501}"
EndProject
Global
	GlobalSection(SolutionConfigurationPlatforms) = preSolution
		Debug|Any CPU = Debug|Any CPU
		Release|Any CPU = Release|Any CPU
	EndGlobalSection
	GlobalSection(ProjectConfigurationPlatforms) = postSolution
		{5911F037-F4B6-4C49-9974-83AA6221C8C9}.Debug|Any CPU.ActiveCfg = Debug|Any CPU
		{5911F037-F4B6-4C49-9974-83AA6221C8C9}.Debug|Any CPU.Build.0 = Debug|Any CPU
		{5911F037-F4B6-4C49-9974-83AA6221C8C9}.Release|Any CPU.ActiveCfg = Release|Any CPU
		{5911F037-F4B6-4C49-9974-83AA6221C8C9}.Release|Any CPU.Build.0 = Release|Any CPU
		{C643AD2A-E434-4F8B-A49D-11F4B4BAAE1F}.Debug|Any CPU.ActiveCfg = Debug|Any CPU
		{C643AD2A-E434-4F8B-A49D-11F4B4BAAE1F}.Debug|Any CPU.Build.0 = Debug|Any CPU
		{C643AD2A-E434-4F8B-A49D-11F4B4BAAE1F}.Release|Any CPU.ActiveCfg = Release|Any CPU
		{C643AD2A-E434-4F8B-A49D-11F4B4BAAE1F}.Release|Any CPU.Build.0 = Release|Any CPU
		{8D0BEDA6-C39E-4D53-950A-DAB2CB51CB15}.Debug|Any CPU.ActiveCfg = Debug|Any CPU
		{8D0BEDA6-C39E-4D53-950A-DAB2CB51CB15}.Debug|Any CPU.Build.0 = Debug|Any CPU
		{8D0BEDA6-C39E-4D53-950A-DAB2CB51CB15}.Release|Any CPU.ActiveCfg = Release|Any CPU
		{8D0BEDA6-C39E-4D53-950A-DAB2CB51CB15}.Release|Any CPU.Build.0 = Release|Any CPU
		{01174A05-54AE-41FE-9704-89B715AAAE13}.Debug|Any CPU.ActiveCfg = Debug|Any CPU
		{01174A05-54AE-41FE-9704-89B715AAAE13}.Debug|Any CPU.Build.0 = Debug|Any CPU
		{01174A05-54AE-41FE-9704-89B715AAAE13}.Release|Any CPU.ActiveCfg = Release|Any CPU
		{01174A05-54AE-41FE-9704-89B715AAAE13}.Release|Any CPU.Build.0 = Release|Any CPU
		{0841D808-41EE-4CAE-9DE5-C79DA8F35541}.Debug|Any CPU.ActiveCfg = Debug|Any CPU
		{0841D808-41EE-4CAE-9DE5-C79DA8F35541}.Debug|Any CPU.Build.0 = Debug|Any CPU
		{0841D808-41EE-4CAE-9DE5-C79DA8F35541}.Release|Any CPU.ActiveCfg = Release|Any CPU
		{0841D808-41EE-4CAE-9DE5-C79DA8F35541}.Release|Any CPU.Build.0 = Release|Any CPU
		{01378E7A-940A-41D8-905A-5E14B7CD2F01}.Debug|Any CPU.ActiveCfg = Debug|Any CPU
		{01378E7A-940A-41D8-905A-5E14B7CD2F01}.Debug|Any CPU.Build.0 = Debug|Any CPU
		{01378E7A-940A-41D8-905A-5E14B7CD2F01}.Release|Any CPU.ActiveCfg = Release|Any CPU
		{01378E7A-940A-41D8-905A-5E14B7CD2F01}.Release|Any CPU.Build.0 = Release|Any CPU
		{833AC91C-1CEA-401A-A5FC-54658489D7FA}.Debug|Any CPU.ActiveCfg = Debug|Any CPU
		{833AC91C-1CEA-401A-A5FC-54658489D7FA}.Debug|Any CPU.Build.0 = Debug|Any CPU
		{833AC91C-1CEA-401A-A5FC-54658489D7FA}.Release|Any CPU.ActiveCfg = Release|Any CPU
		{833AC91C-1CEA-401A-A5FC-54658489D7FA}.Release|Any CPU.Build.0 = Release|Any CPU
		{99CD5676-CED3-4A71-B61A-CEB5535CA501}.Debug|Any CPU.ActiveCfg = Debug|Any CPU
		{99CD5676-CED3-4A71-B61A-CEB5535CA501}.Debug|Any CPU.Build.0 = Debug|Any CPU
		{99CD5676-CED3-4A71-B61A-CEB5535CA501}.Release|Any CPU.ActiveCfg = Release|Any CPU
		{99CD5676-CED3-4A71-B61A-CEB5535CA501}.Release|Any CPU.Build.0 = Release|Any CPU
	EndGlobalSection
	GlobalSection(SolutionProperties) = preSolution
		HideSolutionNode = FALSE
	EndGlobalSection
	GlobalSection(ExtensibilityGlobals) = postSolution
		SolutionGuid = {B1B1A4D7-5B14-4E57-8AA4-F48C5AE56BC8}
	EndGlobalSection
EndGlobal
